
Microsoft Visual Studio Solution File, Format Version 12.00
Project("{FAE04EC0-301F-11D3-BF4B-00C04F79EFBC}") = "ProductApp", "ProductApp\ProductApp.csproj", "{312336F4-0629-4353-BA46-59FF0CC74F00}"
EndProject
Global
	GlobalSection(SolutionConfigurationPlatforms) = preSolution
		Debug|Any CPU = Debug|Any CPU
		Release|Any CPU = Release|Any CPU
	EndGlobalSection
	GlobalSection(ProjectConfigurationPlatforms) = postSolution
		{312336F4-0629-4353-BA46-59FF0CC74F00}.Debug|Any CPU.ActiveCfg = Debug|Any CPU
		{312336F4-0629-4353-BA46-59FF0CC74F00}.Debug|Any CPU.Build.0 = Debug|Any CPU
		{312336F4-0629-4353-BA46-59FF0CC74F00}.Release|Any CPU.ActiveCfg = Release|Any CPU
		{312336F4-0629-4353-BA46-59FF0CC74F00}.Release|Any CPU.Build.0 = Release|Any CPU
	EndGlobalSection
EndGlobal
